<?xml version="1.0" encoding="utf-8"?>
<Project ToolsVersion="4.0" xmlns="http://schemas.microsoft.com/developer/msbuild/2003">
  <ItemGroup>
    <Filter Include="export">
      <UniqueIdentifier>{865359e8-6602-41ff-8e45-2dbd2cdf2464}</UniqueIdentifier>
    </Filter>
  </ItemGroup>
  <ItemGroup>
    <ClCompile Include="Injector.cpp">
      <Filter>export</Filter>
    </ClCompile>
  </ItemGroup>
  <ItemGroup>
    <ClInclude Include="Injector.h">
      <Filter>export</Filter>
    </ClInclude>
  </ItemGroup>
</Project>